// !$*UTF8*$!
{
	archiveVersion = 1;
	classes = {
	};
	objectVersion = 46;
	objects = {

/* Begin PBXBuildFile section */
		93499E13E2BCFD617AD6ED9D /* Pods_BoosterKit.framework in Frameworks */ = {isa = PBXBuildFile; fileRef = DFEF19054E15F7A738F47E5B /* Pods_BoosterKit.framework */; };
		9935239B245D5B0F3968EB05 /* Pods_BoosterKitFeatures.framework in Frameworks */ = {isa = PBXBuildFile; fileRef = 4D6C3E2003311DC44410F7CA /* Pods_BoosterKitFeatures.framework */; };
		A22F2DDFEEEF5ED3B80F2E0C /* Pods_BoosterKitTests.framework in Frameworks */ = {isa = PBXBuildFile; fileRef = 23E189E363381AB431C35D8A /* Pods_BoosterKitTests.framework */; };
		CE1BE4311DBA996600DD6C44 /* Photo.swift in Sources */ = {isa = PBXBuildFile; fileRef = CE1BE4301DBA996600DD6C44 /* Photo.swift */; };
		CE1ECBBC1E5244CF00F4A7C9 /* KIFTestActorExtension.swift in Sources */ = {isa = PBXBuildFile; fileRef = CE1ECBB91E5244CF00F4A7C9 /* KIFTestActorExtension.swift */; };
		CE1ECBBD1E5244CF00F4A7C9 /* PhotosViewControllerFeatures.swift in Sources */ = {isa = PBXBuildFile; fileRef = CE1ECBBA1E5244CF00F4A7C9 /* PhotosViewControllerFeatures.swift */; };
		CE1ECBBE1E5244CF00F4A7C9 /* XCTestCaseExtension.swift in Sources */ = {isa = PBXBuildFile; fileRef = CE1ECBBB1E5244CF00F4A7C9 /* XCTestCaseExtension.swift */; };
		CE2E4B681DD614A5007A86E6 /* XCTestCaseExtension.swift in Sources */ = {isa = PBXBuildFile; fileRef = CE2E4B671DD614A5007A86E6 /* XCTestCaseExtension.swift */; };
		CE3E4C961E297227007A68EA /* LoginViewController.swift in Sources */ = {isa = PBXBuildFile; fileRef = CE3E4C951E297227007A68EA /* LoginViewController.swift */; };
		CE529BAD1E892A57007FCED6 /* check_config_files.rb in Resources */ = {isa = PBXBuildFile; fileRef = CE529BA91E892A57007FCED6 /* check_config_files.rb */; };
		CE529BAE1E892A57007FCED6 /* Debug.xcconfig in Resources */ = {isa = PBXBuildFile; fileRef = CE529BAA1E892A57007FCED6 /* Debug.xcconfig */; };
		CE529BAF1E892A57007FCED6 /* Release.xcconfig in Resources */ = {isa = PBXBuildFile; fileRef = CE529BAB1E892A57007FCED6 /* Release.xcconfig */; };
		CE529BB21E892A9A007FCED6 /* BoosterKit.xcconfig in Resources */ = {isa = PBXBuildFile; fileRef = CE529BB11E892A9A007FCED6 /* BoosterKit.xcconfig */; };
		CE529BB41E893008007FCED6 /* buddybuild_prebuild.sh in Resources */ = {isa = PBXBuildFile; fileRef = CE529BB31E893008007FCED6 /* buddybuild_prebuild.sh */; };
		CE5506C81F06A61B002FC182 /* APIManagerTests.swift in Sources */ = {isa = PBXBuildFile; fileRef = CE5506C71F06A61B002FC182 /* APIManagerTests.swift */; };
		CEB08BDD1E044D740088E2D0 /* PhotoDetailViewController.swift in Sources */ = {isa = PBXBuildFile; fileRef = CEB08BDB1E044D740088E2D0 /* PhotoDetailViewController.swift */; };
		CEB08BDE1E044D740088E2D0 /* PhotosViewController.swift in Sources */ = {isa = PBXBuildFile; fileRef = CEB08BDC1E044D740088E2D0 /* PhotosViewController.swift */; };
		CEB08BE11E044D840088E2D0 /* LaunchScreen.storyboard in Resources */ = {isa = PBXBuildFile; fileRef = CEB08BDF1E044D840088E2D0 /* LaunchScreen.storyboard */; };
		CEB08BE21E044D840088E2D0 /* Main.storyboard in Resources */ = {isa = PBXBuildFile; fileRef = CEB08BE01E044D840088E2D0 /* Main.storyboard */; };
		CEB08BE51E0450700088E2D0 /* APIManager.swift in Sources */ = {isa = PBXBuildFile; fileRef = CEB08BE41E0450700088E2D0 /* APIManager.swift */; };
		CECCBFF71DBA8FE600789698 /* AppDelegate.swift in Sources */ = {isa = PBXBuildFile; fileRef = CECCBFF61DBA8FE600789698 /* AppDelegate.swift */; };
		CECCBFFE1DBA8FE600789698 /* Assets.xcassets in Resources */ = {isa = PBXBuildFile; fileRef = CECCBFFD1DBA8FE600789698 /* Assets.xcassets */; };
		CECCC00C1DBA8FE700789698 /* PhotosViewControllerTests.swift in Sources */ = {isa = PBXBuildFile; fileRef = CECCC00B1DBA8FE700789698 /* PhotosViewControllerTests.swift */; };
/* End PBXBuildFile section */

/* Begin PBXContainerItemProxy section */
		CE1ECBAF1E52443B00F4A7C9 /* PBXContainerItemProxy */ = {
			isa = PBXContainerItemProxy;
			containerPortal = CECCBFEB1DBA8FE600789698 /* Project object */;
			proxyType = 1;
			remoteGlobalIDString = CECCBFF21DBA8FE600789698;
			remoteInfo = BoosterKit;
		};
		CECCC0081DBA8FE700789698 /* PBXContainerItemProxy */ = {
			isa = PBXContainerItemProxy;
			containerPortal = CECCBFEB1DBA8FE600789698 /* Project object */;
			proxyType = 1;
			remoteGlobalIDString = CECCBFF21DBA8FE600789698;
			remoteInfo = BoosterKit;
		};
/* End PBXContainerItemProxy section */

/* Begin PBXFileReference section */
		11082A58495645D10F42C7A2 /* Pods_BoosterKitUITests.framework */ = {isa = PBXFileReference; explicitFileType = wrapper.framework; includeInIndex = 0; path = Pods_BoosterKitUITests.framework; sourceTree = BUILT_PRODUCTS_DIR; };
		23E189E363381AB431C35D8A /* Pods_BoosterKitTests.framework */ = {isa = PBXFileReference; explicitFileType = wrapper.framework; includeInIndex = 0; path = Pods_BoosterKitTests.framework; sourceTree = BUILT_PRODUCTS_DIR; };
		4D6C3E2003311DC44410F7CA /* Pods_BoosterKitFeatures.framework */ = {isa = PBXFileReference; explicitFileType = wrapper.framework; includeInIndex = 0; path = Pods_BoosterKitFeatures.framework; sourceTree = BUILT_PRODUCTS_DIR; };
		B17454E5344DF4760E266127 /* Pods-BoosterKitUITests.release.xcconfig */ = {isa = PBXFileReference; includeInIndex = 1; lastKnownFileType = text.xcconfig; name = "Pods-BoosterKitUITests.release.xcconfig"; path = "Pods/Target Support Files/Pods-BoosterKitUITests/Pods-BoosterKitUITests.release.xcconfig"; sourceTree = "<group>"; };
		B35057159B53A6C3902299C6 /* Pods-BoosterKitTests.debug.xcconfig */ = {isa = PBXFileReference; includeInIndex = 1; lastKnownFileType = text.xcconfig; name = "Pods-BoosterKitTests.debug.xcconfig"; path = "Pods/Target Support Files/Pods-BoosterKitTests/Pods-BoosterKitTests.debug.xcconfig"; sourceTree = "<group>"; };
		B41F0509C97C4D1547C103B8 /* Pods-BoosterKitUITests.debug.xcconfig */ = {isa = PBXFileReference; includeInIndex = 1; lastKnownFileType = text.xcconfig; name = "Pods-BoosterKitUITests.debug.xcconfig"; path = "Pods/Target Support Files/Pods-BoosterKitUITests/Pods-BoosterKitUITests.debug.xcconfig"; sourceTree = "<group>"; };
		B7560ADFA50A64F36DE81E51 /* Pods-BoosterKitFeatures.debug.xcconfig */ = {isa = PBXFileReference; includeInIndex = 1; lastKnownFileType = text.xcconfig; name = "Pods-BoosterKitFeatures.debug.xcconfig"; path = "Pods/Target Support Files/Pods-BoosterKitFeatures/Pods-BoosterKitFeatures.debug.xcconfig"; sourceTree = "<group>"; };
		BD1E0882EC486B09220281C0 /* Pods-BoosterKit.debug.xcconfig */ = {isa = PBXFileReference; includeInIndex = 1; lastKnownFileType = text.xcconfig; name = "Pods-BoosterKit.debug.xcconfig"; path = "Pods/Target Support Files/Pods-BoosterKit/Pods-BoosterKit.debug.xcconfig"; sourceTree = "<group>"; };
		BDCFD81CD8CFE762AE814526 /* Pods-BoosterKitFeatures.release.xcconfig */ = {isa = PBXFileReference; includeInIndex = 1; lastKnownFileType = text.xcconfig; name = "Pods-BoosterKitFeatures.release.xcconfig"; path = "Pods/Target Support Files/Pods-BoosterKitFeatures/Pods-BoosterKitFeatures.release.xcconfig"; sourceTree = "<group>"; };
		C11E36F72A29AB21CABDF6D2 /* Pods-BoosterKit.release.xcconfig */ = {isa = PBXFileReference; includeInIndex = 1; lastKnownFileType = text.xcconfig; name = "Pods-BoosterKit.release.xcconfig"; path = "Pods/Target Support Files/Pods-BoosterKit/Pods-BoosterKit.release.xcconfig"; sourceTree = "<group>"; };
		CB5BAFAD541CB8C0C2D485B7 /* Pods-BoosterKitTests.release.xcconfig */ = {isa = PBXFileReference; includeInIndex = 1; lastKnownFileType = text.xcconfig; name = "Pods-BoosterKitTests.release.xcconfig"; path = "Pods/Target Support Files/Pods-BoosterKitTests/Pods-BoosterKitTests.release.xcconfig"; sourceTree = "<group>"; };
		CE1BE4301DBA996600DD6C44 /* Photo.swift */ = {isa = PBXFileReference; fileEncoding = 4; lastKnownFileType = sourcecode.swift; name = Photo.swift; path = Models/Photo.swift; sourceTree = "<group>"; };
		CE1ECBAA1E52443B00F4A7C9 /* BoosterKitFeatures.xctest */ = {isa = PBXFileReference; explicitFileType = wrapper.cfbundle; includeInIndex = 0; path = BoosterKitFeatures.xctest; sourceTree = BUILT_PRODUCTS_DIR; };
		CE1ECBAE1E52443B00F4A7C9 /* Info.plist */ = {isa = PBXFileReference; lastKnownFileType = text.plist.xml; path = Info.plist; sourceTree = "<group>"; };
		CE1ECBB81E5244CE00F4A7C9 /* BoosterKitFeatures-Bridging-Header.h */ = {isa = PBXFileReference; lastKnownFileType = sourcecode.c.h; path = "BoosterKitFeatures-Bridging-Header.h"; sourceTree = "<group>"; };
		CE1ECBB91E5244CF00F4A7C9 /* KIFTestActorExtension.swift */ = {isa = PBXFileReference; fileEncoding = 4; lastKnownFileType = sourcecode.swift; path = KIFTestActorExtension.swift; sourceTree = "<group>"; };
		CE1ECBBA1E5244CF00F4A7C9 /* PhotosViewControllerFeatures.swift */ = {isa = PBXFileReference; fileEncoding = 4; lastKnownFileType = sourcecode.swift; path = PhotosViewControllerFeatures.swift; sourceTree = "<group>"; };
		CE1ECBBB1E5244CF00F4A7C9 /* XCTestCaseExtension.swift */ = {isa = PBXFileReference; fileEncoding = 4; lastKnownFileType = sourcecode.swift; path = XCTestCaseExtension.swift; sourceTree = "<group>"; };
		CE2E4B671DD614A5007A86E6 /* XCTestCaseExtension.swift */ = {isa = PBXFileReference; fileEncoding = 4; lastKnownFileType = sourcecode.swift; path = XCTestCaseExtension.swift; sourceTree = "<group>"; };
		CE2E4B691DD62BBC007A86E6 /* BoosterKit-Bridging-Header.h */ = {isa = PBXFileReference; lastKnownFileType = sourcecode.c.h; path = "BoosterKit-Bridging-Header.h"; sourceTree = "<group>"; };
		CE3E4C951E297227007A68EA /* LoginViewController.swift */ = {isa = PBXFileReference; fileEncoding = 4; lastKnownFileType = sourcecode.swift; name = LoginViewController.swift; path = Views/Controllers/LoginViewController.swift; sourceTree = "<group>"; };
		CE529BA91E892A57007FCED6 /* check_config_files.rb */ = {isa = PBXFileReference; fileEncoding = 4; lastKnownFileType = text.script.ruby; name = check_config_files.rb; path = Config/check_config_files.rb; sourceTree = "<group>"; };
		CE529BAA1E892A57007FCED6 /* Debug.xcconfig */ = {isa = PBXFileReference; fileEncoding = 4; lastKnownFileType = text.xcconfig; name = Debug.xcconfig; path = Config/Debug.xcconfig; sourceTree = "<group>"; };
		CE529BAB1E892A57007FCED6 /* Release.xcconfig */ = {isa = PBXFileReference; fileEncoding = 4; lastKnownFileType = text.xcconfig; name = Release.xcconfig; path = Config/Release.xcconfig; sourceTree = "<group>"; };
		CE529BB11E892A9A007FCED6 /* BoosterKit.xcconfig */ = {isa = PBXFileReference; fileEncoding = 4; lastKnownFileType = text.xcconfig; name = BoosterKit.xcconfig; path = Config/BoosterKit.xcconfig; sourceTree = "<group>"; };
		CE529BB31E893008007FCED6 /* buddybuild_prebuild.sh */ = {isa = PBXFileReference; fileEncoding = 4; lastKnownFileType = text.script.sh; path = buddybuild_prebuild.sh; sourceTree = "<group>"; };
		CE5506C71F06A61B002FC182 /* APIManagerTests.swift */ = {isa = PBXFileReference; fileEncoding = 4; lastKnownFileType = sourcecode.swift; path = APIManagerTests.swift; sourceTree = "<group>"; };
		CEB08BDB1E044D740088E2D0 /* PhotoDetailViewController.swift */ = {isa = PBXFileReference; fileEncoding = 4; lastKnownFileType = sourcecode.swift; name = PhotoDetailViewController.swift; path = Views/Controllers/PhotoDetailViewController.swift; sourceTree = "<group>"; };
		CEB08BDC1E044D740088E2D0 /* PhotosViewController.swift */ = {isa = PBXFileReference; fileEncoding = 4; lastKnownFileType = sourcecode.swift; name = PhotosViewController.swift; path = Views/Controllers/PhotosViewController.swift; sourceTree = "<group>"; };
		CEB08BDF1E044D840088E2D0 /* LaunchScreen.storyboard */ = {isa = PBXFileReference; fileEncoding = 4; lastKnownFileType = file.storyboard; name = LaunchScreen.storyboard; path = Views/Storyboards/LaunchScreen.storyboard; sourceTree = "<group>"; };
		CEB08BE01E044D840088E2D0 /* Main.storyboard */ = {isa = PBXFileReference; fileEncoding = 4; lastKnownFileType = file.storyboard; name = Main.storyboard; path = Views/Storyboards/Main.storyboard; sourceTree = "<group>"; };
		CEB08BE41E0450700088E2D0 /* APIManager.swift */ = {isa = PBXFileReference; fileEncoding = 4; lastKnownFileType = sourcecode.swift; name = APIManager.swift; path = Library/APIManager.swift; sourceTree = "<group>"; };
		CECCBFF31DBA8FE600789698 /* BoosterKit.app */ = {isa = PBXFileReference; explicitFileType = wrapper.application; includeInIndex = 0; path = BoosterKit.app; sourceTree = BUILT_PRODUCTS_DIR; };
		CECCBFF61DBA8FE600789698 /* AppDelegate.swift */ = {isa = PBXFileReference; lastKnownFileType = sourcecode.swift; path = AppDelegate.swift; sourceTree = "<group>"; };
		CECCBFFD1DBA8FE600789698 /* Assets.xcassets */ = {isa = PBXFileReference; lastKnownFileType = folder.assetcatalog; path = Assets.xcassets; sourceTree = "<group>"; };
		CECCC0021DBA8FE600789698 /* Info.plist */ = {isa = PBXFileReference; lastKnownFileType = text.plist.xml; path = Info.plist; sourceTree = "<group>"; };
		CECCC0071DBA8FE700789698 /* BoosterKitTests.xctest */ = {isa = PBXFileReference; explicitFileType = wrapper.cfbundle; includeInIndex = 0; path = BoosterKitTests.xctest; sourceTree = BUILT_PRODUCTS_DIR; };
		CECCC00B1DBA8FE700789698 /* PhotosViewControllerTests.swift */ = {isa = PBXFileReference; lastKnownFileType = sourcecode.swift; path = PhotosViewControllerTests.swift; sourceTree = "<group>"; };
		CECCC00D1DBA8FE700789698 /* Info.plist */ = {isa = PBXFileReference; lastKnownFileType = text.plist.xml; path = Info.plist; sourceTree = "<group>"; };
		CEF83BC61E296C33004B4453 /* BoosterKitTests-Bridging-Header.h */ = {isa = PBXFileReference; lastKnownFileType = sourcecode.c.h; path = "BoosterKitTests-Bridging-Header.h"; sourceTree = "<group>"; };
		DFEF19054E15F7A738F47E5B /* Pods_BoosterKit.framework */ = {isa = PBXFileReference; explicitFileType = wrapper.framework; includeInIndex = 0; path = Pods_BoosterKit.framework; sourceTree = BUILT_PRODUCTS_DIR; };
/* End PBXFileReference section */

/* Begin PBXFrameworksBuildPhase section */
		CE1ECBA71E52443B00F4A7C9 /* Frameworks */ = {
			isa = PBXFrameworksBuildPhase;
			buildActionMask = 2147483647;
			files = (
				9935239B245D5B0F3968EB05 /* Pods_BoosterKitFeatures.framework in Frameworks */,
			);
			runOnlyForDeploymentPostprocessing = 0;
		};
		CECCBFF01DBA8FE600789698 /* Frameworks */ = {
			isa = PBXFrameworksBuildPhase;
			buildActionMask = 2147483647;
			files = (
				93499E13E2BCFD617AD6ED9D /* Pods_BoosterKit.framework in Frameworks */,
			);
			runOnlyForDeploymentPostprocessing = 0;
		};
		CECCC0041DBA8FE700789698 /* Frameworks */ = {
			isa = PBXFrameworksBuildPhase;
			buildActionMask = 2147483647;
			files = (
				A22F2DDFEEEF5ED3B80F2E0C /* Pods_BoosterKitTests.framework in Frameworks */,
			);
			runOnlyForDeploymentPostprocessing = 0;
		};
/* End PBXFrameworksBuildPhase section */

/* Begin PBXGroup section */
		C9E9E29A624DEA86E96E52ED /* Frameworks */ = {
			isa = PBXGroup;
			children = (
				DFEF19054E15F7A738F47E5B /* Pods_BoosterKit.framework */,
				23E189E363381AB431C35D8A /* Pods_BoosterKitTests.framework */,
				11082A58495645D10F42C7A2 /* Pods_BoosterKitUITests.framework */,
				4D6C3E2003311DC44410F7CA /* Pods_BoosterKitFeatures.framework */,
			);
			name = Frameworks;
			sourceTree = "<group>";
		};
		CE1BE42F1DBA993700DD6C44 /* Models */ = {
			isa = PBXGroup;
			children = (
				CE1BE4301DBA996600DD6C44 /* Photo.swift */,
			);
			name = Models;
			sourceTree = "<group>";
		};
		CE1ECBAB1E52443B00F4A7C9 /* BoosterKitFeatures */ = {
			isa = PBXGroup;
			children = (
				CE1ECBB91E5244CF00F4A7C9 /* KIFTestActorExtension.swift */,
				CE1ECBBA1E5244CF00F4A7C9 /* PhotosViewControllerFeatures.swift */,
				CE1ECBBB1E5244CF00F4A7C9 /* XCTestCaseExtension.swift */,
				CE1ECBAE1E52443B00F4A7C9 /* Info.plist */,
				CE1ECBB81E5244CE00F4A7C9 /* BoosterKitFeatures-Bridging-Header.h */,
			);
			path = BoosterKitFeatures;
			sourceTree = "<group>";
		};
		CE529BA81E892A45007FCED6 /* Config */ = {
			isa = PBXGroup;
			children = (
				CE529BA91E892A57007FCED6 /* check_config_files.rb */,
				CE529BB11E892A9A007FCED6 /* BoosterKit.xcconfig */,
				CE529BAA1E892A57007FCED6 /* Debug.xcconfig */,
				CE529BAB1E892A57007FCED6 /* Release.xcconfig */,
			);
			name = Config;
			sourceTree = "<group>";
		};
		CEB08BD81E044C090088E2D0 /* Views */ = {
			isa = PBXGroup;
			children = (
				CEB08BDA1E044C960088E2D0 /* Storyboards */,
				CEB08BD91E044C480088E2D0 /* Controllers */,
			);
			name = Views;
			sourceTree = "<group>";
		};
		CEB08BD91E044C480088E2D0 /* Controllers */ = {
			isa = PBXGroup;
			children = (
				CEB08BDB1E044D740088E2D0 /* PhotoDetailViewController.swift */,
				CEB08BDC1E044D740088E2D0 /* PhotosViewController.swift */,
				CE3E4C951E297227007A68EA /* LoginViewController.swift */,
			);
			name = Controllers;
			sourceTree = "<group>";
		};
		CEB08BDA1E044C960088E2D0 /* Storyboards */ = {
			isa = PBXGroup;
			children = (
				CEB08BDF1E044D840088E2D0 /* LaunchScreen.storyboard */,
				CEB08BE01E044D840088E2D0 /* Main.storyboard */,
			);
			name = Storyboards;
			sourceTree = "<group>";
		};
		CEB08BE31E04504C0088E2D0 /* Library */ = {
			isa = PBXGroup;
			children = (
				CEB08BE41E0450700088E2D0 /* APIManager.swift */,
			);
			name = Library;
			sourceTree = "<group>";
		};
		CECCBFEA1DBA8FE600789698 = {
			isa = PBXGroup;
			children = (
				CECCBFF51DBA8FE600789698 /* BoosterKit */,
				CECCC00A1DBA8FE700789698 /* BoosterKitTests */,
				CE1ECBAB1E52443B00F4A7C9 /* BoosterKitFeatures */,
				CECCBFF41DBA8FE600789698 /* Products */,
				D6EA0DCB1C2B5FA7B5ADB51F /* Pods */,
				C9E9E29A624DEA86E96E52ED /* Frameworks */,
				CE529BB31E893008007FCED6 /* buddybuild_prebuild.sh */,
			);
			sourceTree = "<group>";
		};
		CECCBFF41DBA8FE600789698 /* Products */ = {
			isa = PBXGroup;
			children = (
				CECCBFF31DBA8FE600789698 /* BoosterKit.app */,
				CECCC0071DBA8FE700789698 /* BoosterKitTests.xctest */,
				CE1ECBAA1E52443B00F4A7C9 /* BoosterKitFeatures.xctest */,
			);
			name = Products;
			sourceTree = "<group>";
		};
		CECCBFF51DBA8FE600789698 /* BoosterKit */ = {
			isa = PBXGroup;
			children = (
				CE529BA81E892A45007FCED6 /* Config */,
				CEB08BE31E04504C0088E2D0 /* Library */,
				CE1BE42F1DBA993700DD6C44 /* Models */,
				CEB08BD81E044C090088E2D0 /* Views */,
				CECCBFF61DBA8FE600789698 /* AppDelegate.swift */,
				CECCBFFD1DBA8FE600789698 /* Assets.xcassets */,
				CECCC0021DBA8FE600789698 /* Info.plist */,
				CE2E4B691DD62BBC007A86E6 /* BoosterKit-Bridging-Header.h */,
			);
			path = BoosterKit;
			sourceTree = "<group>";
		};
		CECCC00A1DBA8FE700789698 /* BoosterKitTests */ = {
			isa = PBXGroup;
			children = (
				CECCC00B1DBA8FE700789698 /* PhotosViewControllerTests.swift */,
				CECCC00D1DBA8FE700789698 /* Info.plist */,
				CE2E4B671DD614A5007A86E6 /* XCTestCaseExtension.swift */,
				CEF83BC61E296C33004B4453 /* BoosterKitTests-Bridging-Header.h */,
				CE5506C71F06A61B002FC182 /* APIManagerTests.swift */,
			);
			path = BoosterKitTests;
			sourceTree = "<group>";
		};
		D6EA0DCB1C2B5FA7B5ADB51F /* Pods */ = {
			isa = PBXGroup;
			children = (
				BD1E0882EC486B09220281C0 /* Pods-BoosterKit.debug.xcconfig */,
				C11E36F72A29AB21CABDF6D2 /* Pods-BoosterKit.release.xcconfig */,
				B35057159B53A6C3902299C6 /* Pods-BoosterKitTests.debug.xcconfig */,
				CB5BAFAD541CB8C0C2D485B7 /* Pods-BoosterKitTests.release.xcconfig */,
				B41F0509C97C4D1547C103B8 /* Pods-BoosterKitUITests.debug.xcconfig */,
				B17454E5344DF4760E266127 /* Pods-BoosterKitUITests.release.xcconfig */,
				B7560ADFA50A64F36DE81E51 /* Pods-BoosterKitFeatures.debug.xcconfig */,
				BDCFD81CD8CFE762AE814526 /* Pods-BoosterKitFeatures.release.xcconfig */,
			);
			name = Pods;
			sourceTree = "<group>";
		};
/* End PBXGroup section */

/* Begin PBXNativeTarget section */
		CE1ECBA91E52443B00F4A7C9 /* BoosterKitFeatures */ = {
			isa = PBXNativeTarget;
			buildConfigurationList = CE1ECBB11E52443B00F4A7C9 /* Build configuration list for PBXNativeTarget "BoosterKitFeatures" */;
			buildPhases = (
				02B78163D00ADB84A4A88060 /* [CP] Check Pods Manifest.lock */,
				CE1ECBA61E52443B00F4A7C9 /* Sources */,
				CE1ECBA71E52443B00F4A7C9 /* Frameworks */,
				CE1ECBA81E52443B00F4A7C9 /* Resources */,
				CF1811744E64416F79A5AAF6 /* [CP] Embed Pods Frameworks */,
				5D563A5BB3ADEABCCE69BFCB /* [CP] Copy Pods Resources */,
			);
			buildRules = (
			);
			dependencies = (
				CE1ECBB01E52443B00F4A7C9 /* PBXTargetDependency */,
			);
			name = BoosterKitFeatures;
			productName = BoosterKitFeatures;
			productReference = CE1ECBAA1E52443B00F4A7C9 /* BoosterKitFeatures.xctest */;
			productType = "com.apple.product-type.bundle.unit-test";
		};
		CECCBFF21DBA8FE600789698 /* BoosterKit */ = {
			isa = PBXNativeTarget;
			buildConfigurationList = CECCC01B1DBA8FE700789698 /* Build configuration list for PBXNativeTarget "BoosterKit" */;
			buildPhases = (
				27DF529FF5659877294379F0 /* [CP] Check Pods Manifest.lock */,
				CE1027F31EA4FB9300BA2A9C /* ShellScript */,
				CECCBFEF1DBA8FE600789698 /* Sources */,
				CECCBFF01DBA8FE600789698 /* Frameworks */,
				CECCBFF11DBA8FE600789698 /* Resources */,
				DF6250D9B6F38EE29D9244A2 /* [CP] Embed Pods Frameworks */,
				13BFE4D0230E443B1780D224 /* [CP] Copy Pods Resources */,
				CE2E1EE81E8D7B9000AC5EDC /* ShellScript */,
			);
			buildRules = (
			);
			dependencies = (
			);
			name = BoosterKit;
			productName = BoosterKit;
			productReference = CECCBFF31DBA8FE600789698 /* BoosterKit.app */;
			productType = "com.apple.product-type.application";
		};
		CECCC0061DBA8FE700789698 /* BoosterKitTests */ = {
			isa = PBXNativeTarget;
			buildConfigurationList = CECCC01E1DBA8FE700789698 /* Build configuration list for PBXNativeTarget "BoosterKitTests" */;
			buildPhases = (
				D0AE32704418FB39977AFF5D /* [CP] Check Pods Manifest.lock */,
				CECCC0031DBA8FE700789698 /* Sources */,
				CECCC0041DBA8FE700789698 /* Frameworks */,
				CECCC0051DBA8FE700789698 /* Resources */,
				6DBBBE9927A7CE30FC966300 /* [CP] Embed Pods Frameworks */,
				814092FBECA34B84901FF1CC /* [CP] Copy Pods Resources */,
			);
			buildRules = (
			);
			dependencies = (
				CECCC0091DBA8FE700789698 /* PBXTargetDependency */,
			);
			name = BoosterKitTests;
			productName = BoosterKitTests;
			productReference = CECCC0071DBA8FE700789698 /* BoosterKitTests.xctest */;
			productType = "com.apple.product-type.bundle.unit-test";
		};
/* End PBXNativeTarget section */

/* Begin PBXProject section */
		CECCBFEB1DBA8FE600789698 /* Project object */ = {
			isa = PBXProject;
			attributes = {
				LastSwiftUpdateCheck = 0820;
				LastUpgradeCheck = 0820;
				ORGANIZATIONNAME = Spartan;
				TargetAttributes = {
					CE1ECBA91E52443B00F4A7C9 = {
						CreatedOnToolsVersion = 8.2.1;
						LastSwiftMigration = 0820;
						ProvisioningStyle = Automatic;
						TestTargetID = CECCBFF21DBA8FE600789698;
					};
					CECCBFF21DBA8FE600789698 = {
						CreatedOnToolsVersion = 8.0;
						LastSwiftMigration = 0810;
						ProvisioningStyle = Automatic;
					};
					CECCC0061DBA8FE700789698 = {
						CreatedOnToolsVersion = 8.0;
						LastSwiftMigration = 0820;
						ProvisioningStyle = Automatic;
						TestTargetID = CECCBFF21DBA8FE600789698;
					};
				};
			};
			buildConfigurationList = CECCBFEE1DBA8FE600789698 /* Build configuration list for PBXProject "BoosterKit" */;
			compatibilityVersion = "Xcode 3.2";
			developmentRegion = English;
			hasScannedForEncodings = 0;
			knownRegions = (
				en,
				Base,
			);
			mainGroup = CECCBFEA1DBA8FE600789698;
			productRefGroup = CECCBFF41DBA8FE600789698 /* Products */;
			projectDirPath = "";
			projectRoot = "";
			targets = (
				CECCBFF21DBA8FE600789698 /* BoosterKit */,
				CECCC0061DBA8FE700789698 /* BoosterKitTests */,
				CE1ECBA91E52443B00F4A7C9 /* BoosterKitFeatures */,
			);
		};
/* End PBXProject section */

/* Begin PBXResourcesBuildPhase section */
		CE1ECBA81E52443B00F4A7C9 /* Resources */ = {
			isa = PBXResourcesBuildPhase;
			buildActionMask = 2147483647;
			files = (
			);
			runOnlyForDeploymentPostprocessing = 0;
		};
		CECCBFF11DBA8FE600789698 /* Resources */ = {
			isa = PBXResourcesBuildPhase;
			buildActionMask = 2147483647;
			files = (
				CE529BB21E892A9A007FCED6 /* BoosterKit.xcconfig in Resources */,
				CEB08BE21E044D840088E2D0 /* Main.storyboard in Resources */,
				CE529BAD1E892A57007FCED6 /* check_config_files.rb in Resources */,
				CE529BAE1E892A57007FCED6 /* Debug.xcconfig in Resources */,
				CECCBFFE1DBA8FE600789698 /* Assets.xcassets in Resources */,
				CE529BB41E893008007FCED6 /* buddybuild_prebuild.sh in Resources */,
				CE529BAF1E892A57007FCED6 /* Release.xcconfig in Resources */,
				CEB08BE11E044D840088E2D0 /* LaunchScreen.storyboard in Resources */,
			);
			runOnlyForDeploymentPostprocessing = 0;
		};
		CECCC0051DBA8FE700789698 /* Resources */ = {
			isa = PBXResourcesBuildPhase;
			buildActionMask = 2147483647;
			files = (
			);
			runOnlyForDeploymentPostprocessing = 0;
		};
/* End PBXResourcesBuildPhase section */

/* Begin PBXShellScriptBuildPhase section */
		02B78163D00ADB84A4A88060 /* [CP] Check Pods Manifest.lock */ = {
			isa = PBXShellScriptBuildPhase;
			buildActionMask = 2147483647;
			files = (
			);
			inputPaths = (
			);
			name = "[CP] Check Pods Manifest.lock";
			outputPaths = (
			);
			runOnlyForDeploymentPostprocessing = 0;
			shellPath = /bin/sh;
			shellScript = "diff \"${PODS_ROOT}/../Podfile.lock\" \"${PODS_ROOT}/Manifest.lock\" > /dev/null\nif [ $? != 0 ] ; then\n    # print error to STDERR\n    echo \"error: The sandbox is not in sync with the Podfile.lock. Run 'pod install' or update your CocoaPods installation.\" >&2\n    exit 1\nfi\n";
			showEnvVarsInLog = 0;
		};
		13BFE4D0230E443B1780D224 /* [CP] Copy Pods Resources */ = {
			isa = PBXShellScriptBuildPhase;
			buildActionMask = 2147483647;
			files = (
			);
			inputPaths = (
			);
			name = "[CP] Copy Pods Resources";
			outputPaths = (
			);
			runOnlyForDeploymentPostprocessing = 0;
			shellPath = /bin/sh;
			shellScript = "\"${SRCROOT}/Pods/Target Support Files/Pods-BoosterKit/Pods-BoosterKit-resources.sh\"\n";
			showEnvVarsInLog = 0;
		};
		27DF529FF5659877294379F0 /* [CP] Check Pods Manifest.lock */ = {
			isa = PBXShellScriptBuildPhase;
			buildActionMask = 2147483647;
			files = (
			);
			inputPaths = (
			);
			name = "[CP] Check Pods Manifest.lock";
			outputPaths = (
			);
			runOnlyForDeploymentPostprocessing = 0;
			shellPath = /bin/sh;
			shellScript = "diff \"${PODS_ROOT}/../Podfile.lock\" \"${PODS_ROOT}/Manifest.lock\" > /dev/null\nif [ $? != 0 ] ; then\n    # print error to STDERR\n    echo \"error: The sandbox is not in sync with the Podfile.lock. Run 'pod install' or update your CocoaPods installation.\" >&2\n    exit 1\nfi\n";
			showEnvVarsInLog = 0;
		};
		5D563A5BB3ADEABCCE69BFCB /* [CP] Copy Pods Resources */ = {
			isa = PBXShellScriptBuildPhase;
			buildActionMask = 2147483647;
			files = (
			);
			inputPaths = (
			);
			name = "[CP] Copy Pods Resources";
			outputPaths = (
			);
			runOnlyForDeploymentPostprocessing = 0;
			shellPath = /bin/sh;
			shellScript = "\"${SRCROOT}/Pods/Target Support Files/Pods-BoosterKitFeatures/Pods-BoosterKitFeatures-resources.sh\"\n";
			showEnvVarsInLog = 0;
		};
		6DBBBE9927A7CE30FC966300 /* [CP] Embed Pods Frameworks */ = {
			isa = PBXShellScriptBuildPhase;
			buildActionMask = 2147483647;
			files = (
			);
			inputPaths = (
			);
			name = "[CP] Embed Pods Frameworks";
			outputPaths = (
			);
			runOnlyForDeploymentPostprocessing = 0;
			shellPath = /bin/sh;
			shellScript = "\"${SRCROOT}/Pods/Target Support Files/Pods-BoosterKitTests/Pods-BoosterKitTests-frameworks.sh\"\n";
			showEnvVarsInLog = 0;
		};
		814092FBECA34B84901FF1CC /* [CP] Copy Pods Resources */ = {
			isa = PBXShellScriptBuildPhase;
			buildActionMask = 2147483647;
			files = (
			);
			inputPaths = (
			);
			name = "[CP] Copy Pods Resources";
			outputPaths = (
			);
			runOnlyForDeploymentPostprocessing = 0;
			shellPath = /bin/sh;
			shellScript = "\"${SRCROOT}/Pods/Target Support Files/Pods-BoosterKitTests/Pods-BoosterKitTests-resources.sh\"\n";
			showEnvVarsInLog = 0;
		};
		CE1027F31EA4FB9300BA2A9C /* ShellScript */ = {
			isa = PBXShellScriptBuildPhase;
			buildActionMask = 2147483647;
			files = (
			);
			inputPaths = (
			);
			outputPaths = (
			);
			runOnlyForDeploymentPostprocessing = 0;
			shellPath = /bin/sh;
			shellScript = ./buddybuild_prebuild.sh;
		};
		CE2E1EE81E8D7B9000AC5EDC /* ShellScript */ = {
			isa = PBXShellScriptBuildPhase;
			buildActionMask = 2147483647;
			files = (
			);
			inputPaths = (
			);
			outputPaths = (
			);
			runOnlyForDeploymentPostprocessing = 0;
			shellPath = /bin/sh;
			shellScript = "\"${PODS_ROOT}/SwiftLint/swiftlint\"";
		};
		CF1811744E64416F79A5AAF6 /* [CP] Embed Pods Frameworks */ = {
			isa = PBXShellScriptBuildPhase;
			buildActionMask = 2147483647;
			files = (
			);
			inputPaths = (
			);
			name = "[CP] Embed Pods Frameworks";
			outputPaths = (
			);
			runOnlyForDeploymentPostprocessing = 0;
			shellPath = /bin/sh;
			shellScript = "\"${SRCROOT}/Pods/Target Support Files/Pods-BoosterKitFeatures/Pods-BoosterKitFeatures-frameworks.sh\"\n";
			showEnvVarsInLog = 0;
		};
		D0AE32704418FB39977AFF5D /* [CP] Check Pods Manifest.lock */ = {
			isa = PBXShellScriptBuildPhase;
			buildActionMask = 2147483647;
			files = (
			);
			inputPaths = (
			);
			name = "[CP] Check Pods Manifest.lock";
			outputPaths = (
			);
			runOnlyForDeploymentPostprocessing = 0;
			shellPath = /bin/sh;
			shellScript = "diff \"${PODS_ROOT}/../Podfile.lock\" \"${PODS_ROOT}/Manifest.lock\" > /dev/null\nif [ $? != 0 ] ; then\n    # print error to STDERR\n    echo \"error: The sandbox is not in sync with the Podfile.lock. Run 'pod install' or update your CocoaPods installation.\" >&2\n    exit 1\nfi\n";
			showEnvVarsInLog = 0;
		};
		DF6250D9B6F38EE29D9244A2 /* [CP] Embed Pods Frameworks */ = {
			isa = PBXShellScriptBuildPhase;
			buildActionMask = 2147483647;
			files = (
			);
			inputPaths = (
			);
			name = "[CP] Embed Pods Frameworks";
			outputPaths = (
			);
			runOnlyForDeploymentPostprocessing = 0;
			shellPath = /bin/sh;
			shellScript = "\"${SRCROOT}/Pods/Target Support Files/Pods-BoosterKit/Pods-BoosterKit-frameworks.sh\"\n";
			showEnvVarsInLog = 0;
		};
/* End PBXShellScriptBuildPhase section */

/* Begin PBXSourcesBuildPhase section */
		CE1ECBA61E52443B00F4A7C9 /* Sources */ = {
			isa = PBXSourcesBuildPhase;
			buildActionMask = 2147483647;
			files = (
				CE1ECBBD1E5244CF00F4A7C9 /* PhotosViewControllerFeatures.swift in Sources */,
				CE1ECBBE1E5244CF00F4A7C9 /* XCTestCaseExtension.swift in Sources */,
				CE1ECBBC1E5244CF00F4A7C9 /* KIFTestActorExtension.swift in Sources */,
			);
			runOnlyForDeploymentPostprocessing = 0;
		};
		CECCBFEF1DBA8FE600789698 /* Sources */ = {
			isa = PBXSourcesBuildPhase;
			buildActionMask = 2147483647;
			files = (
				CE3E4C961E297227007A68EA /* LoginViewController.swift in Sources */,
				CEB08BDD1E044D740088E2D0 /* PhotoDetailViewController.swift in Sources */,
				CEB08BDE1E044D740088E2D0 /* PhotosViewController.swift in Sources */,
				CEB08BE51E0450700088E2D0 /* APIManager.swift in Sources */,
				CECCBFF71DBA8FE600789698 /* AppDelegate.swift in Sources */,
				CE1BE4311DBA996600DD6C44 /* Photo.swift in Sources */,
			);
			runOnlyForDeploymentPostprocessing = 0;
		};
		CECCC0031DBA8FE700789698 /* Sources */ = {
			isa = PBXSourcesBuildPhase;
			buildActionMask = 2147483647;
			files = (
				CE2E4B681DD614A5007A86E6 /* XCTestCaseExtension.swift in Sources */,
				CECCC00C1DBA8FE700789698 /* PhotosViewControllerTests.swift in Sources */,
				CE5506C81F06A61B002FC182 /* APIManagerTests.swift in Sources */,
			);
			runOnlyForDeploymentPostprocessing = 0;
		};
/* End PBXSourcesBuildPhase section */

/* Begin PBXTargetDependency section */
		CE1ECBB01E52443B00F4A7C9 /* PBXTargetDependency */ = {
			isa = PBXTargetDependency;
			target = CECCBFF21DBA8FE600789698 /* BoosterKit */;
			targetProxy = CE1ECBAF1E52443B00F4A7C9 /* PBXContainerItemProxy */;
		};
		CECCC0091DBA8FE700789698 /* PBXTargetDependency */ = {
			isa = PBXTargetDependency;
			target = CECCBFF21DBA8FE600789698 /* BoosterKit */;
			targetProxy = CECCC0081DBA8FE700789698 /* PBXContainerItemProxy */;
		};
/* End PBXTargetDependency section */

/* Begin XCBuildConfiguration section */
		CE1ECBB21E52443B00F4A7C9 /* Debug */ = {
			isa = XCBuildConfiguration;
			baseConfigurationReference = B7560ADFA50A64F36DE81E51 /* Pods-BoosterKitFeatures.debug.xcconfig */;
			buildSettings = {
				BUNDLE_LOADER = "$(TEST_HOST)";
				CLANG_ENABLE_MODULES = YES;
				CLANG_WARN_SUSPICIOUS_MOVE = YES;
				INFOPLIST_FILE = BoosterKitFeatures/Info.plist;
				IPHONEOS_DEPLOYMENT_TARGET = 10.2;
				LD_RUNPATH_SEARCH_PATHS = "$(inherited) @executable_path/Frameworks @loader_path/Frameworks";
				PRODUCT_BUNDLE_IDENTIFIER = spartan.BoosterKitFeatures;
				PRODUCT_NAME = "$(TARGET_NAME)";
				SWIFT_OBJC_BRIDGING_HEADER = "BoosterKitFeatures/BoosterKitFeatures-Bridging-Header.h";
				SWIFT_OPTIMIZATION_LEVEL = "-Onone";
				SWIFT_VERSION = 3.0;
				TEST_HOST = "$(BUILT_PRODUCTS_DIR)/BoosterKit.app/BoosterKit";
			};
			name = Debug;
		};
		CE1ECBB31E52443B00F4A7C9 /* Release */ = {
			isa = XCBuildConfiguration;
			baseConfigurationReference = BDCFD81CD8CFE762AE814526 /* Pods-BoosterKitFeatures.release.xcconfig */;
			buildSettings = {
				BUNDLE_LOADER = "$(TEST_HOST)";
				CLANG_ENABLE_MODULES = YES;
				CLANG_WARN_SUSPICIOUS_MOVE = YES;
				INFOPLIST_FILE = BoosterKitFeatures/Info.plist;
				IPHONEOS_DEPLOYMENT_TARGET = 10.2;
				LD_RUNPATH_SEARCH_PATHS = "$(inherited) @executable_path/Frameworks @loader_path/Frameworks";
				PRODUCT_BUNDLE_IDENTIFIER = spartan.BoosterKitFeatures;
				PRODUCT_NAME = "$(TARGET_NAME)";
				SWIFT_OBJC_BRIDGING_HEADER = "BoosterKitFeatures/BoosterKitFeatures-Bridging-Header.h";
				SWIFT_VERSION = 3.0;
				TEST_HOST = "$(BUILT_PRODUCTS_DIR)/BoosterKit.app/BoosterKit";
			};
			name = Release;
		};
		CECCC0191DBA8FE700789698 /* Debug */ = {
			isa = XCBuildConfiguration;
			baseConfigurationReference = CE529BB11E892A9A007FCED6 /* BoosterKit.xcconfig */;
			buildSettings = {
				ALWAYS_SEARCH_USER_PATHS = NO;
				CLANG_ANALYZER_NONNULL = YES;
				CLANG_CXX_LANGUAGE_STANDARD = "gnu++0x";
				CLANG_CXX_LIBRARY = "libc++";
				CLANG_ENABLE_MODULES = YES;
				CLANG_ENABLE_OBJC_ARC = YES;
				CLANG_WARN_BOOL_CONVERSION = YES;
				CLANG_WARN_CONSTANT_CONVERSION = YES;
				CLANG_WARN_DIRECT_OBJC_ISA_USAGE = YES_ERROR;
				CLANG_WARN_DOCUMENTATION_COMMENTS = YES;
				CLANG_WARN_EMPTY_BODY = YES;
				CLANG_WARN_ENUM_CONVERSION = YES;
				CLANG_WARN_INFINITE_RECURSION = YES;
				CLANG_WARN_INT_CONVERSION = YES;
				CLANG_WARN_OBJC_ROOT_CLASS = YES_ERROR;
				CLANG_WARN_SUSPICIOUS_MOVE = YES;
				CLANG_WARN_SUSPICIOUS_MOVES = YES;
				CLANG_WARN_UNREACHABLE_CODE = YES;
				CLANG_WARN__DUPLICATE_METHOD_MATCH = YES;
				"CODE_SIGN_IDENTITY[sdk=iphoneos*]" = "iPhone Developer";
				COPY_PHASE_STRIP = NO;
				DEBUG_INFORMATION_FORMAT = dwarf;
				ENABLE_STRICT_OBJC_MSGSEND = YES;
				ENABLE_TESTABILITY = YES;
				GCC_C_LANGUAGE_STANDARD = gnu99;
				GCC_DYNAMIC_NO_PIC = NO;
				GCC_NO_COMMON_BLOCKS = YES;
				GCC_OPTIMIZATION_LEVEL = 0;
				GCC_PREPROCESSOR_DEFINITIONS = (
					"DEBUG=1",
					"$(inherited)",
				);
				GCC_WARN_64_TO_32_BIT_CONVERSION = YES;
				GCC_WARN_ABOUT_RETURN_TYPE = YES_ERROR;
				GCC_WARN_UNDECLARED_SELECTOR = YES;
				GCC_WARN_UNINITIALIZED_AUTOS = YES_AGGRESSIVE;
				GCC_WARN_UNUSED_FUNCTION = YES;
				GCC_WARN_UNUSED_VARIABLE = YES;
				IPHONEOS_DEPLOYMENT_TARGET = 10.0;
				MTL_ENABLE_DEBUG_INFO = YES;
				ONLY_ACTIVE_ARCH = YES;
				SDKROOT = iphoneos;
				SWIFT_ACTIVE_COMPILATION_CONDITIONS = DEBUG;
				SWIFT_OPTIMIZATION_LEVEL = "-Onone";
				TARGETED_DEVICE_FAMILY = "1,2";
			};
			name = Debug;
		};
		CECCC01A1DBA8FE700789698 /* Release */ = {
			isa = XCBuildConfiguration;
			baseConfigurationReference = CE529BB11E892A9A007FCED6 /* BoosterKit.xcconfig */;
			buildSettings = {
				ALWAYS_SEARCH_USER_PATHS = NO;
				CLANG_ANALYZER_NONNULL = YES;
				CLANG_CXX_LANGUAGE_STANDARD = "gnu++0x";
				CLANG_CXX_LIBRARY = "libc++";
				CLANG_ENABLE_MODULES = YES;
				CLANG_ENABLE_OBJC_ARC = YES;
				CLANG_WARN_BOOL_CONVERSION = YES;
				CLANG_WARN_CONSTANT_CONVERSION = YES;
				CLANG_WARN_DIRECT_OBJC_ISA_USAGE = YES_ERROR;
				CLANG_WARN_DOCUMENTATION_COMMENTS = YES;
				CLANG_WARN_EMPTY_BODY = YES;
				CLANG_WARN_ENUM_CONVERSION = YES;
				CLANG_WARN_INFINITE_RECURSION = YES;
				CLANG_WARN_INT_CONVERSION = YES;
				CLANG_WARN_OBJC_ROOT_CLASS = YES_ERROR;
				CLANG_WARN_SUSPICIOUS_MOVE = YES;
				CLANG_WARN_SUSPICIOUS_MOVES = YES;
				CLANG_WARN_UNREACHABLE_CODE = YES;
				CLANG_WARN__DUPLICATE_METHOD_MATCH = YES;
				"CODE_SIGN_IDENTITY[sdk=iphoneos*]" = "iPhone Developer";
				COPY_PHASE_STRIP = NO;
				DEBUG_INFORMATION_FORMAT = "dwarf-with-dsym";
				ENABLE_NS_ASSERTIONS = NO;
				ENABLE_STRICT_OBJC_MSGSEND = YES;
				GCC_C_LANGUAGE_STANDARD = gnu99;
				GCC_NO_COMMON_BLOCKS = YES;
				GCC_WARN_64_TO_32_BIT_CONVERSION = YES;
				GCC_WARN_ABOUT_RETURN_TYPE = YES_ERROR;
				GCC_WARN_UNDECLARED_SELECTOR = YES;
				GCC_WARN_UNINITIALIZED_AUTOS = YES_AGGRESSIVE;
				GCC_WARN_UNUSED_FUNCTION = YES;
				GCC_WARN_UNUSED_VARIABLE = YES;
				IPHONEOS_DEPLOYMENT_TARGET = 10.0;
				MTL_ENABLE_DEBUG_INFO = NO;
				SDKROOT = iphoneos;
				SWIFT_OPTIMIZATION_LEVEL = "-Owholemodule";
				TARGETED_DEVICE_FAMILY = "1,2";
				VALIDATE_PRODUCT = YES;
			};
			name = Release;
		};
		CECCC01C1DBA8FE700789698 /* Debug */ = {
			isa = XCBuildConfiguration;
			baseConfigurationReference = CE529BAA1E892A57007FCED6 /* Debug.xcconfig */;
			buildSettings = {
				ALWAYS_EMBED_SWIFT_STANDARD_LIBRARIES = "$(inherited)";
				ASSETCATALOG_COMPILER_APPICON_NAME = AppIcon;
				CLANG_ENABLE_MODULES = YES;
				DEFINES_MODULE = YES;
				INFOPLIST_FILE = BoosterKit/Info.plist;
				LD_RUNPATH_SEARCH_PATHS = "$(inherited) @executable_path/Frameworks";
				PRODUCT_BUNDLE_IDENTIFIER = spartan.BoosterKit;
				PRODUCT_NAME = "$(TARGET_NAME)";
				SWIFT_OBJC_BRIDGING_HEADER = "BoosterKit/BoosterKit-Bridging-Header.h";
				SWIFT_OPTIMIZATION_LEVEL = "-Onone";
				SWIFT_VERSION = 3.0;
			};
			name = Debug;
		};
		CECCC01D1DBA8FE700789698 /* Release */ = {
			isa = XCBuildConfiguration;
			baseConfigurationReference = CE529BAB1E892A57007FCED6 /* Release.xcconfig */;
			buildSettings = {
				ALWAYS_EMBED_SWIFT_STANDARD_LIBRARIES = "$(inherited)";
				ASSETCATALOG_COMPILER_APPICON_NAME = AppIcon;
				CLANG_ENABLE_MODULES = YES;
				DEFINES_MODULE = YES;
				INFOPLIST_FILE = BoosterKit/Info.plist;
				LD_RUNPATH_SEARCH_PATHS = "$(inherited) @executable_path/Frameworks";
				PRODUCT_BUNDLE_IDENTIFIER = spartan.BoosterKit;
				PRODUCT_NAME = "$(TARGET_NAME)";
				SWIFT_OBJC_BRIDGING_HEADER = "BoosterKit/BoosterKit-Bridging-Header.h";
				SWIFT_VERSION = 3.0;
			};
			name = Release;
		};
		CECCC01F1DBA8FE700789698 /* Debug */ = {
			isa = XCBuildConfiguration;
			baseConfigurationReference = B35057159B53A6C3902299C6 /* Pods-BoosterKitTests.debug.xcconfig */;
			buildSettings = {
				ALWAYS_EMBED_SWIFT_STANDARD_LIBRARIES = "$(inherited)";
				BUNDLE_LOADER = "$(TEST_HOST)";
				CLANG_ENABLE_MODULES = YES;
				INFOPLIST_FILE = BoosterKitTests/Info.plist;
				LD_RUNPATH_SEARCH_PATHS = "$(inherited) @executable_path/Frameworks @loader_path/Frameworks";
				PRODUCT_BUNDLE_IDENTIFIER = spartan.BoosterKitTests;
				PRODUCT_NAME = "$(TARGET_NAME)";
				SWIFT_OBJC_BRIDGING_HEADER = "BoosterKitTests/BoosterKitTests-Bridging-Header.h";
				SWIFT_OPTIMIZATION_LEVEL = "-Onone";
				SWIFT_VERSION = 3.0;
				TEST_HOST = "$(BUILT_PRODUCTS_DIR)/BoosterKit.app/BoosterKit";
			};
			name = Debug;
		};
		CECCC0201DBA8FE700789698 /* Release */ = {
			isa = XCBuildConfiguration;
			baseConfigurationReference = CB5BAFAD541CB8C0C2D485B7 /* Pods-BoosterKitTests.release.xcconfig */;
			buildSettings = {
				ALWAYS_EMBED_SWIFT_STANDARD_LIBRARIES = "$(inherited)";
				BUNDLE_LOADER = "$(TEST_HOST)";
				CLANG_ENABLE_MODULES = YES;
				INFOPLIST_FILE = BoosterKitTests/Info.plist;
				LD_RUNPATH_SEARCH_PATHS = "$(inherited) @executable_path/Frameworks @loader_path/Frameworks";
				PRODUCT_BUNDLE_IDENTIFIER = spartan.BoosterKitTests;
				PRODUCT_NAME = "$(TARGET_NAME)";
				SWIFT_OBJC_BRIDGING_HEADER = "BoosterKitTests/BoosterKitTests-Bridging-Header.h";
				SWIFT_VERSION = 3.0;
				TEST_HOST = "$(BUILT_PRODUCTS_DIR)/BoosterKit.app/BoosterKit";
			};
			name = Release;
		};
/* End XCBuildConfiguration section */

/* Begin XCConfigurationList section */
		CE1ECBB11E52443B00F4A7C9 /* Build configuration list for PBXNativeTarget "BoosterKitFeatures" */ = {
			isa = XCConfigurationList;
			buildConfigurations = (
				CE1ECBB21E52443B00F4A7C9 /* Debug */,
				CE1ECBB31E52443B00F4A7C9 /* Release */,
			);
			defaultConfigurationIsVisible = 0;
			defaultConfigurationName = Release;
		};
		CECCBFEE1DBA8FE600789698 /* Build configuration list for PBXProject "BoosterKit" */ = {
			isa = XCConfigurationList;
			buildConfigurations = (
				CECCC0191DBA8FE700789698 /* Debug */,
				CECCC01A1DBA8FE700789698 /* Release */,
			);
			defaultConfigurationIsVisible = 0;
			defaultConfigurationName = Release;
		};
		CECCC01B1DBA8FE700789698 /* Build configuration list for PBXNativeTarget "BoosterKit" */ = {
			isa = XCConfigurationList;
			buildConfigurations = (
				CECCC01C1DBA8FE700789698 /* Debug */,
				CECCC01D1DBA8FE700789698 /* Release */,
			);
			defaultConfigurationIsVisible = 0;
			defaultConfigurationName = Release;
		};
		CECCC01E1DBA8FE700789698 /* Build configuration list for PBXNativeTarget "BoosterKitTests" */ = {
			isa = XCConfigurationList;
			buildConfigurations = (
				CECCC01F1DBA8FE700789698 /* Debug */,
				CECCC0201DBA8FE700789698 /* Release */,
			);
			defaultConfigurationIsVisible = 0;
			defaultConfigurationName = Release;
		};
/* End XCConfigurationList section */
	};
	rootObject = CECCBFEB1DBA8FE600789698 /* Project object */;
}
