PODS:
  - Alamofire (4.5.1)
  - AlamofireObjectMapper (5.0.0):
    - Alamofire (~> 4.1)
    - ObjectMapper (~> 3.0)
  - BuddyBuildSDK (1.0.16)
  - KeychainAccess (3.1.0)
  - KIF (3.6.0):
    - KIF/Core (= 3.6.0)
  - KIF/Core (3.6.0)
  - Nimble (7.0.2)
  - Nocilla (0.11.0)
  - ObjectMapper (3.0.0)
  - Quick (1.2.0)
  - Realm (2.10.2):
    - Realm/Headers (= 2.10.2)
  - Realm/Headers (2.10.2)
  - RealmSwift (2.10.2):
    - Realm (= 2.10.2)
  - SwiftLint (0.22.0)
  - SwiftyBeaver (1.4.2)

DEPENDENCIES:
  - Alamofire
  - AlamofireObjectMapper
  - BuddyBuildSDK
  - KeychainAccess
  - KIF
  - Nimble
  - Nocilla (from `git@github.com:pcantrell/Nocilla.git`, branch `null-annotations`)
  - Quick
  - RealmSwift
  - SwiftLint
  - SwiftyBeaver

EXTERNAL SOURCES:
  Nocilla:
    :branch: null-annotations
    :git: git@github.com:pcantrell/Nocilla.git

CHECKOUT OPTIONS:
  Nocilla:
    :commit: 4793459646076a6ce66137133cc4cfe6e5b9543a
    :git: git@github.com:pcantrell/Nocilla.git

SPEC CHECKSUMS:
  Alamofire: 2d95912bf4c34f164fdfc335872e8c312acaea4a
  AlamofireObjectMapper: 5fafc816351cbbc0d486611aaeba7461c0cbad49
  BuddyBuildSDK: 2c5469eee2981a3365386e46393e97068d75e4f4
  KeychainAccess: 94c5540b32eabf7bc32bfb976a268e8ea05fd6da
  KIF: bd770edd8ce49bc7308501e4871e58a02d137be3
  Nimble: bfe1f814edabba69ff145cb1283e04ed636a67f2
  Nocilla: 7af7a386071150cc8aa5da4da97d060f049dd61c
  ObjectMapper: 92230db59bf8f341a5c3a3cf0b9fbdde3cf0d87f
  Quick: 58d203b1c5e27fff7229c4c1ae445ad7069a7a08
  Realm: 0ef72b837fb67e9f4b098bac771ddd72c7fdbb69
  RealmSwift: 07a9ae0505091eda6b2ee7c190c3786d6e90a7b0
  SwiftLint: 1134786caedd2caab0560d2f36b76414a5a56808
  SwiftyBeaver: 91057725648ee4980308f1650af077d04b3654a0

PODFILE CHECKSUM: 768f2c812be9c11ef0e27cffff9ffdb09d30f52d

COCOAPODS: 1.1.1
